
Microsoft Visual Studio Solution File, Format Version 12.00
# Visual Studio Version 16
VisualStudioVersion = 16.0.31129.286
MinimumVisualStudioVersion = 10.0.40219.1
Project("{2150E333-8FDC-42A3-9474-1A3956D46DE8}") = "Services", "Services", "{CFE1025B-0E91-4ABA-847C-DBC0B3BCC221}"
EndProject
Project("{2150E333-8FDC-42A3-9474-1A3956D46DE8}") = "Catalog", "Catalog", "{07346C7B-891C-47D0-9B79-DED7640D72B1}"
EndProject
Project("{9A19103F-16F7-4668-BE54-9A1E7A4F7556}") = "Catalog.API", "Services\Catalog\Catalog.API\Catalog.API.csproj", "{8B773B1C-9E82-4A8A-8866-9FE27FB036AE}"
EndProject
Project("{E53339B2-1760-4266-BCC7-CA923CBCF16C}") = "docker-compose", "docker-compose.dcproj", "{0A26C954-8BF6-4EBF-AF04-7E3EA18A82F8}"
EndProject
Project("{2150E333-8FDC-42A3-9474-1A3956D46DE8}") = "Basket", "Basket", "{5D8A58D8-0A89-40A5-8631-9CF11D433A03}"
EndProject
Project("{9A19103F-16F7-4668-BE54-9A1E7A4F7556}") = "Basket.API", "Services\Basket\Basket.API\Basket.API.csproj", "{B639AA10-8975-40E7-B60E-200F12A78B2E}"
EndProject
Project("{2150E333-8FDC-42A3-9474-1A3956D46DE8}") = "Discount", "Discount", "{1450AE14-D6AF-4A2F-B0E4-EE76594EE13A}"
EndProject
Project("{FAE04EC0-301F-11D3-BF4B-00C04F79EFBC}") = "Discount.API", "Services\Discount\Discount.API\Discount.API.csproj", "{E787699F-1211-403E-A485-299E771E03F3}"
EndProject
Global
	GlobalSection(SolutionConfigurationPlatforms) = preSolution
		Debug|Any CPU = Debug|Any CPU
		Release|Any CPU = Release|Any CPU
	EndGlobalSection
	GlobalSection(ProjectConfigurationPlatforms) = postSolution
		{8B773B1C-9E82-4A8A-8866-9FE27FB036AE}.Debug|Any CPU.ActiveCfg = Debug|Any CPU
		{8B773B1C-9E82-4A8A-8866-9FE27FB036AE}.Debug|Any CPU.Build.0 = Debug|Any CPU
		{8B773B1C-9E82-4A8A-8866-9FE27FB036AE}.Release|Any CPU.ActiveCfg = Release|Any CPU
		{8B773B1C-9E82-4A8A-8866-9FE27FB036AE}.Release|Any CPU.Build.0 = Release|Any CPU
		{0A26C954-8BF6-4EBF-AF04-7E3EA18A82F8}.Debug|Any CPU.ActiveCfg = Debug|Any CPU
		{0A26C954-8BF6-4EBF-AF04-7E3EA18A82F8}.Debug|Any CPU.Build.0 = Debug|Any CPU
		{0A26C954-8BF6-4EBF-AF04-7E3EA18A82F8}.Release|Any CPU.ActiveCfg = Release|Any CPU
		{0A26C954-8BF6-4EBF-AF04-7E3EA18A82F8}.Release|Any CPU.Build.0 = Release|Any CPU
		{B639AA10-8975-40E7-B60E-200F12A78B2E}.Debug|Any CPU.ActiveCfg = Debug|Any CPU
		{B639AA10-8975-40E7-B60E-200F12A78B2E}.Debug|Any CPU.Build.0 = Debug|Any CPU
		{B639AA10-8975-40E7-B60E-200F12A78B2E}.Release|Any CPU.ActiveCfg = Release|Any CPU
		{B639AA10-8975-40E7-B60E-200F12A78B2E}.Release|Any CPU.Build.0 = Release|Any CPU
		{E787699F-1211-403E-A485-299E771E03F3}.Debug|Any CPU.ActiveCfg = Debug|Any CPU
		{E787699F-1211-403E-A485-299E771E03F3}.Debug|Any CPU.Build.0 = Debug|Any CPU
		{E787699F-1211-403E-A485-299E771E03F3}.Release|Any CPU.ActiveCfg = Release|Any CPU
		{E787699F-1211-403E-A485-299E771E03F3}.Release|Any CPU.Build.0 = Release|Any CPU
	EndGlobalSection
	GlobalSection(SolutionProperties) = preSolution
		HideSolutionNode = FALSE
	EndGlobalSection
	GlobalSection(NestedProjects) = preSolution
		{07346C7B-891C-47D0-9B79-DED7640D72B1} = {CFE1025B-0E91-4ABA-847C-DBC0B3BCC221}
		{8B773B1C-9E82-4A8A-8866-9FE27FB036AE} = {07346C7B-891C-47D0-9B79-DED7640D72B1}
		{5D8A58D8-0A89-40A5-8631-9CF11D433A03} = {CFE1025B-0E91-4ABA-847C-DBC0B3BCC221}
		{B639AA10-8975-40E7-B60E-200F12A78B2E} = {5D8A58D8-0A89-40A5-8631-9CF11D433A03}
		{1450AE14-D6AF-4A2F-B0E4-EE76594EE13A} = {CFE1025B-0E91-4ABA-847C-DBC0B3BCC221}
		{E787699F-1211-403E-A485-299E771E03F3} = {1450AE14-D6AF-4A2F-B0E4-EE76594EE13A}
	EndGlobalSection
	GlobalSection(ExtensibilityGlobals) = postSolution
		SolutionGuid = {6B8AE053-E60D-4634-B947-6D4FF97BBDA5}
	EndGlobalSection
EndGlobal
